PODS:
  - file_picker (0.0.1):
    - FlutterMacOS
  - flutter_volume_controller (0.0.1):
    - FlutterMacOS
  - FlutterMacOS (1.0.0)
  - fvp (0.35.2):
    - Flutter
    - FlutterMacOS
    - mdk (~> 0.35.1)
  - mdk (0.35.1)
  - mobile_scanner (7.0.0):
    - Flutter
    - FlutterMacOS
  - network_info_plus (0.0.1):
    - FlutterMacOS
  - package_info_plus (0.0.1):
    - FlutterMacOS
  - screen_brightness_macos (0.1.0):
    - FlutterMacOS
  - screen_retriever_macos (0.0.1):
    - FlutterMacOS
  - shared_preferences_foundation (0.0.1):
    - Flutter
    - FlutterMacOS
  - url_launcher_macos (0.0.1):
    - FlutterMacOS
  - video_player_avfoundation (0.0.1):
    - Flutter
    - FlutterMacOS
  - wakelock_plus (0.0.1):
    - FlutterMacOS
  - window_manager (0.5.0):
    - FlutterMacOS

DEPENDENCIES:
  - file_picker (from `Flutter/ephemeral/.symlinks/plugins/file_picker/macos`)
  - flutter_volume_controller (from `Flutter/ephemeral/.symlinks/plugins/flutter_volume_controller/macos`)
  - FlutterMacOS (from `Flutter/ephemeral`)
  - fvp (from `Flutter/ephemeral/.symlinks/plugins/fvp/darwin`)
  - mobile_scanner (from `Flutter/ephemeral/.symlinks/plugins/mobile_scanner/darwin`)
  - network_info_plus (from `Flutter/ephemeral/.symlinks/plugins/network_info_plus/macos`)
  - package_info_plus (from `Flutter/ephemeral/.symlinks/plugins/package_info_plus/macos`)
  - screen_brightness_macos (from `Flutter/ephemeral/.symlinks/plugins/screen_brightness_macos/macos`)
  - screen_retriever_macos (from `Flutter/ephemeral/.symlinks/plugins/screen_retriever_macos/macos`)
  - shared_preferences_foundation (from `Flutter/ephemeral/.symlinks/plugins/shared_preferences_foundation/darwin`)
  - url_launcher_macos (from `Flutter/ephemeral/.symlinks/plugins/url_launcher_macos/macos`)
  - video_player_avfoundation (from `Flutter/ephemeral/.symlinks/plugins/video_player_avfoundation/darwin`)
  - wakelock_plus (from `Flutter/ephemeral/.symlinks/plugins/wakelock_plus/macos`)
  - window_manager (from `Flutter/ephemeral/.symlinks/plugins/window_manager/macos`)

SPEC REPOS:
  trunk:
    - mdk

EXTERNAL SOURCES:
  file_picker:
    :path: Flutter/ephemeral/.symlinks/plugins/file_picker/macos
  flutter_volume_controller:
    :path: Flutter/ephemeral/.symlinks/plugins/flutter_volume_controller/macos
  FlutterMacOS:
    :path: Flutter/ephemeral
  fvp:
    :path: Flutter/ephemeral/.symlinks/plugins/fvp/darwin
  mobile_scanner:
    :path: Flutter/ephemeral/.symlinks/plugins/mobile_scanner/darwin
  network_info_plus:
    :path: Flutter/ephemeral/.symlinks/plugins/network_info_plus/macos
  package_info_plus:
    :path: Flutter/ephemeral/.symlinks/plugins/package_info_plus/macos
  screen_brightness_macos:
    :path: Flutter/ephemeral/.symlinks/plugins/screen_brightness_macos/macos
  screen_retriever_macos:
    :path: Flutter/ephemeral/.symlinks/plugins/screen_retriever_macos/macos
  shared_preferences_foundation:
    :path: Flutter/ephemeral/.symlinks/plugins/shared_preferences_foundation/darwin
  url_launcher_macos:
    :path: Flutter/ephemeral/.symlinks/plugins/url_launcher_macos/macos
  video_player_avfoundation:
    :path: Flutter/ephemeral/.symlinks/plugins/video_player_avfoundation/darwin
  wakelock_plus:
    :path: Flutter/ephemeral/.symlinks/plugins/wakelock_plus/macos
  window_manager:
    :path: Flutter/ephemeral/.symlinks/plugins/window_manager/macos

SPEC CHECKSUMS:
  file_picker: 7584aae6fa07a041af2b36a2655122d42f578c1a
  flutter_volume_controller: ae08bf0838e4901f299781c3ab5056dfab0c2f74
  FlutterMacOS: d0db08ddef1a9af05a5ec4b724367152bb0500b1
  fvp: 4fe77c2b30122233a57f425dafd219ed35565809
  mdk: 59bbe9e2ac2a052455ab1b076c245680d66cf6c0
  mobile_scanner: 9157936403f5a0644ca3779a38ff8404c5434a93
  network_info_plus: 21d1cd6a015ccb2fdff06a1fbfa88d54b4e92f61
  package_info_plus: f0052d280d17aa382b932f399edf32507174e870
  screen_brightness_macos: 2a3ee243f8051c340381e8e51bcedced8360f421
  screen_retriever_macos: 452e51764a9e1cdb74b3c541238795849f21557f
  shared_preferences_foundation: 7036424c3d8ec98dfe75ff1667cb0cd531ec82bb
  url_launcher_macos: f87a979182d112f911de6820aefddaf56ee9fbfd
  video_player_avfoundation: dd410b52df6d2466a42d28550e33e4146928280a
  wakelock_plus: 917609be14d812ddd9e9528876538b2263aaa03b
  window_manager: b729e31d38fb04905235df9ea896128991cad99e

PODFILE CHECKSUM: c2e95c8c0fe03c5c57e438583cae4cc732296009

COCOAPODS: 1.16.2
